
Microsoft Visual Studio Solution File, Format Version 12.00
# Visual Studio Version 17
VisualStudioVersion = 17.2.32516.85
MinimumVisualStudioVersion = 10.0.40219.1
Project("{9A19103F-16F7-4668-BE54-9A1E7A4F7556}") = "CSCI2910Lab2", "CSCI2910Lab2.csproj", "{AE4DD878-635C-43C9-9C3C-CCEA451D6A53}"
EndProject
Project("{2150E333-8FDC-42A3-9474-1A3956D46DE8}") = "Solution Items", "Solution Items", "{A667A083-FF06-4912-A93C-56E55C2D5F1E}"
	ProjectSection(SolutionItems) = preProject
		.editorconfig = .editorconfig
	EndProjectSection
EndProject
Global
	GlobalSection(SolutionConfigurationPlatforms) = preSolution
		Debug|Any CPU = Debug|Any CPU
		Release|Any CPU = Release|Any CPU
	EndGlobalSection
	GlobalSection(ProjectConfigurationPlatforms) = postSolution
		{AE4DD878-635C-43C9-9C3C-CCEA451D6A53}.Debug|Any CPU.ActiveCfg = Debug|Any CPU
		{AE4DD878-635C-43C9-9C3C-CCEA451D6A53}.Debug|Any CPU.Build.0 = Debug|Any CPU
		{AE4DD878-635C-43C9-9C3C-CCEA451D6A53}.Release|Any CPU.ActiveCfg = Release|Any CPU
		{AE4DD878-635C-43C9-9C3C-CCEA451D6A53}.Release|Any CPU.Build.0 = Release|Any CPU
	EndGlobalSection
	GlobalSection(SolutionProperties) = preSolution
		HideSolutionNode = FALSE
	EndGlobalSection
	GlobalSection(ExtensibilityGlobals) = postSolution
		SolutionGuid = {E9894966-8EFE-4BEC-A6AC-8104C771BA61}
	EndGlobalSection
EndGlobal
